// !$*UTF8*$!
{
	archiveVersion = 1;
	classes = {
	};
	objectVersion = 50;
	objects = {

/* Begin PBXBuildFile section */
		8A0F4732245A5D4300EF54AA /* CloudKit.framework in Frameworks */ = {isa = PBXBuildFile; fileRef = 8A0F4731245A5D4300EF54AA /* CloudKit.framework */; };
		8A1BC4A02460EDCC001297F6 /* GlobalPlayerView.swift in Sources */ = {isa = PBXBuildFile; fileRef = 8A1BC49F2460EDCC001297F6 /* GlobalPlayerView.swift */; };
		8A1BC4A32460EF76001297F6 /* UIConstants.swift in Sources */ = {isa = PBXBuildFile; fileRef = 8A1BC4A22460EF76001297F6 /* UIConstants.swift */; };
		8A1BC4A52460EF96001297F6 /* Localization.swift in Sources */ = {isa = PBXBuildFile; fileRef = 8A1BC4A42460EF96001297F6 /* Localization.swift */; };
		8A1BC4A72460EFAD001297F6 /* SFIcon.swift in Sources */ = {isa = PBXBuildFile; fileRef = 8A1BC4A62460EFAD001297F6 /* SFIcon.swift */; };
		8A1BC4AA2460F6FE001297F6 /* URLExtension.swift in Sources */ = {isa = PBXBuildFile; fileRef = 8A1BC4A92460F6FE001297F6 /* URLExtension.swift */; };
		8A30BBF3245A404B0020872F /* ProjectService.swift in Sources */ = {isa = PBXBuildFile; fileRef = 8A30BBF2245A404B0020872F /* ProjectService.swift */; };
		8A4A3199245DE2320058DE9F /* GlobalPlayerService.swift in Sources */ = {isa = PBXBuildFile; fileRef = 8A4A3198245DE2320058DE9F /* GlobalPlayerService.swift */; };
		8A4A319B245DE23F0058DE9F /* PlayerService.swift in Sources */ = {isa = PBXBuildFile; fileRef = 8A4A319A245DE23F0058DE9F /* PlayerService.swift */; };
		8A5079A3245918D60030703E /* AppDelegate.swift in Sources */ = {isa = PBXBuildFile; fileRef = 8A5079A2245918D60030703E /* AppDelegate.swift */; };
		8A5079A5245918D60030703E /* SceneDelegate.swift in Sources */ = {isa = PBXBuildFile; fileRef = 8A5079A4245918D60030703E /* SceneDelegate.swift */; };
		8A5079A7245918D60030703E /* ContentView.swift in Sources */ = {isa = PBXBuildFile; fileRef = 8A5079A6245918D60030703E /* ContentView.swift */; };
		8A5079A9245918D90030703E /* Assets.xcassets in Resources */ = {isa = PBXBuildFile; fileRef = 8A5079A8245918D90030703E /* Assets.xcassets */; };
		8A5079AC245918D90030703E /* Preview Assets.xcassets in Resources */ = {isa = PBXBuildFile; fileRef = 8A5079AB245918D90030703E /* Preview Assets.xcassets */; };
		8A5079AF245918D90030703E /* LaunchScreen.storyboard in Resources */ = {isa = PBXBuildFile; fileRef = 8A5079AD245918D90030703E /* LaunchScreen.storyboard */; };
		8A5079BA245918D90030703E /* MixNotesTests.swift in Sources */ = {isa = PBXBuildFile; fileRef = 8A5079B9245918D90030703E /* MixNotesTests.swift */; };
		8A5079C5245918D90030703E /* MixNotesUITests.swift in Sources */ = {isa = PBXBuildFile; fileRef = 8A5079C4245918D90030703E /* MixNotesUITests.swift */; };
		8A5079D72459195A0030703E /* ProjectsView.swift in Sources */ = {isa = PBXBuildFile; fileRef = 8A5079D62459195A0030703E /* ProjectsView.swift */; };
		8A5079DA2459196E0030703E /* Project.swift in Sources */ = {isa = PBXBuildFile; fileRef = 8A5079D92459196E0030703E /* Project.swift */; };
		8A5079DF245919EA0030703E /* Track.swift in Sources */ = {isa = PBXBuildFile; fileRef = 8A5079DE245919EA0030703E /* Track.swift */; };
		8A5079E124591A760030703E /* Note.swift in Sources */ = {isa = PBXBuildFile; fileRef = 8A5079E024591A760030703E /* Note.swift */; };
		8A5079E524591D8F0030703E /* ProjectsViewModel.swift in Sources */ = {isa = PBXBuildFile; fileRef = 8A5079E424591D8F0030703E /* ProjectsViewModel.swift */; };
		8A5079E7245921190030703E /* ProjectView.swift in Sources */ = {isa = PBXBuildFile; fileRef = 8A5079E6245921190030703E /* ProjectView.swift */; };
		8A5079E9245921360030703E /* ProjectViewModel.swift in Sources */ = {isa = PBXBuildFile; fileRef = 8A5079E8245921360030703E /* ProjectViewModel.swift */; };
		8A5079EB245922E80030703E /* TrackView.swift in Sources */ = {isa = PBXBuildFile; fileRef = 8A5079EA245922E80030703E /* TrackView.swift */; };
		8A5079EF2459253C0030703E /* TrackViewModel.swift in Sources */ = {isa = PBXBuildFile; fileRef = 8A5079EE2459253C0030703E /* TrackViewModel.swift */; };
		8A7428B42463830300122D3A /* NoteRepository.swift in Sources */ = {isa = PBXBuildFile; fileRef = 8A7428B32463830300122D3A /* NoteRepository.swift */; };
		8A7B0BF4248F26B90067283C /* PreviewUtils.swift in Sources */ = {isa = PBXBuildFile; fileRef = 8A7B0BF3248F26B90067283C /* PreviewUtils.swift */; };
		8A7B0BF5248F2D2E0067283C /* MockFileService.swift in Sources */ = {isa = PBXBuildFile; fileRef = 8AAA0E21246A28DA002D7AA1 /* MockFileService.swift */; };
		8A7B0BF6248F2D310067283C /* MockNoteRepository.swift in Sources */ = {isa = PBXBuildFile; fileRef = 8AB32AC9246E08A200D8559C /* MockNoteRepository.swift */; };
		8A7B0BF7248F2D340067283C /* MockPlayerService.swift in Sources */ = {isa = PBXBuildFile; fileRef = 8AD532632474A1AA00A0330C /* MockPlayerService.swift */; };
		8A87C24C245B6126009DECF3 /* FileService.swift in Sources */ = {isa = PBXBuildFile; fileRef = 8A87C24B245B6126009DECF3 /* FileService.swift */; };
		8A87C24E245B6147009DECF3 /* NoteService.swift in Sources */ = {isa = PBXBuildFile; fileRef = 8A87C24D245B6147009DECF3 /* NoteService.swift */; };
		8AAA0E19246A2261002D7AA1 /* ProjectServiceTests.swift in Sources */ = {isa = PBXBuildFile; fileRef = 8AAA0E18246A2261002D7AA1 /* ProjectServiceTests.swift */; };
		8AAA0E1B246A2298002D7AA1 /* NoteServiceTests.swift in Sources */ = {isa = PBXBuildFile; fileRef = 8AAA0E1A246A2298002D7AA1 /* NoteServiceTests.swift */; };
		8AAA0E1D246A22ED002D7AA1 /* GlobalMessageServiceTests.swift in Sources */ = {isa = PBXBuildFile; fileRef = 8AAA0E1C246A22ED002D7AA1 /* GlobalMessageServiceTests.swift */; };
		8AAA0E1F246A230B002D7AA1 /* GlobalPlayerServiceTests.swift in Sources */ = {isa = PBXBuildFile; fileRef = 8AAA0E1E246A230B002D7AA1 /* GlobalPlayerServiceTests.swift */; };
		8AAA0E25246B8332002D7AA1 /* XCTestCaseExtensions.swift in Sources */ = {isa = PBXBuildFile; fileRef = 8AAA0E24246B8332002D7AA1 /* XCTestCaseExtensions.swift */; };
		8AAEBABA245C9FD50028EA54 /* GlobalMessageService.swift in Sources */ = {isa = PBXBuildFile; fileRef = 8AAEBAB9245C9FD50028EA54 /* GlobalMessageService.swift */; };
		8AAEBABE245CA3800028EA54 /* GlobalMessageView.swift in Sources */ = {isa = PBXBuildFile; fileRef = 8AAEBABD245CA3800028EA54 /* GlobalMessageView.swift */; };
		8ABEB5DB2475EB8900B01B5D /* ProjectsViewModelTests.swift in Sources */ = {isa = PBXBuildFile; fileRef = 8ABEB5DA2475EB8900B01B5D /* ProjectsViewModelTests.swift */; };
		8ABEB5DD2475ECE500B01B5D /* ProjectViewModelTests.swift in Sources */ = {isa = PBXBuildFile; fileRef = 8ABEB5DC2475ECE500B01B5D /* ProjectViewModelTests.swift */; };
		8ABEB5DF2475ECFC00B01B5D /* TrackViewModelTests.swift in Sources */ = {isa = PBXBuildFile; fileRef = 8ABEB5DE2475ECFC00B01B5D /* TrackViewModelTests.swift */; };
		FBDA0FA3248EE10F00DAFF9A /* URLExtensionTests.swift in Sources */ = {isa = PBXBuildFile; fileRef = FBDA0FA2248EE10F00DAFF9A /* URLExtensionTests.swift */; };
/* End PBXBuildFile section */

/* Begin PBXContainerItemProxy section */
		8A5079B6245918D90030703E /* PBXContainerItemProxy */ = {
			isa = PBXContainerItemProxy;
			containerPortal = 8A507997245918D60030703E /* Project object */;
			proxyType = 1;
			remoteGlobalIDString = 8A50799E245918D60030703E;
			remoteInfo = MixNotes;
		};
		8A5079C1245918D90030703E /* PBXContainerItemProxy */ = {
			isa = PBXContainerItemProxy;
			containerPortal = 8A507997245918D60030703E /* Project object */;
			proxyType = 1;
			remoteGlobalIDString = 8A50799E245918D60030703E;
			remoteInfo = MixNotes;
		};
/* End PBXContainerItemProxy section */

/* Begin PBXFileReference section */
		8A0F4731245A5D4300EF54AA /* CloudKit.framework */ = {isa = PBXFileReference; lastKnownFileType = wrapper.framework; name = CloudKit.framework; path = System/Library/Frameworks/CloudKit.framework; sourceTree = SDKROOT; };
		8A1BC49F2460EDCC001297F6 /* GlobalPlayerView.swift */ = {isa = PBXFileReference; lastKnownFileType = sourcecode.swift; path = GlobalPlayerView.swift; sourceTree = "<group>"; };
		8A1BC4A22460EF76001297F6 /* UIConstants.swift */ = {isa = PBXFileReference; lastKnownFileType = sourcecode.swift; path = UIConstants.swift; sourceTree = "<group>"; };
		8A1BC4A42460EF96001297F6 /* Localization.swift */ = {isa = PBXFileReference; lastKnownFileType = sourcecode.swift; path = Localization.swift; sourceTree = "<group>"; };
		8A1BC4A62460EFAD001297F6 /* SFIcon.swift */ = {isa = PBXFileReference; lastKnownFileType = sourcecode.swift; path = SFIcon.swift; sourceTree = "<group>"; };
		8A1BC4A92460F6FE001297F6 /* URLExtension.swift */ = {isa = PBXFileReference; lastKnownFileType = sourcecode.swift; path = URLExtension.swift; sourceTree = "<group>"; };
		8A30BBF2245A404B0020872F /* ProjectService.swift */ = {isa = PBXFileReference; lastKnownFileType = sourcecode.swift; path = ProjectService.swift; sourceTree = "<group>"; };
		8A4A3198245DE2320058DE9F /* GlobalPlayerService.swift */ = {isa = PBXFileReference; lastKnownFileType = sourcecode.swift; path = GlobalPlayerService.swift; sourceTree = "<group>"; };
		8A4A319A245DE23F0058DE9F /* PlayerService.swift */ = {isa = PBXFileReference; lastKnownFileType = sourcecode.swift; path = PlayerService.swift; sourceTree = "<group>"; };
		8A50799F245918D60030703E /* MixNotes.app */ = {isa = PBXFileReference; explicitFileType = wrapper.application; includeInIndex = 0; path = MixNotes.app; sourceTree = BUILT_PRODUCTS_DIR; };
		8A5079A2245918D60030703E /* AppDelegate.swift */ = {isa = PBXFileReference; lastKnownFileType = sourcecode.swift; path = AppDelegate.swift; sourceTree = "<group>"; };
		8A5079A4245918D60030703E /* SceneDelegate.swift */ = {isa = PBXFileReference; lastKnownFileType = sourcecode.swift; path = SceneDelegate.swift; sourceTree = "<group>"; };
		8A5079A6245918D60030703E /* ContentView.swift */ = {isa = PBXFileReference; lastKnownFileType = sourcecode.swift; path = ContentView.swift; sourceTree = "<group>"; };
		8A5079A8245918D90030703E /* Assets.xcassets */ = {isa = PBXFileReference; lastKnownFileType = folder.assetcatalog; path = Assets.xcassets; sourceTree = "<group>"; };
		8A5079AB245918D90030703E /* Preview Assets.xcassets */ = {isa = PBXFileReference; lastKnownFileType = folder.assetcatalog; path = "Preview Assets.xcassets"; sourceTree = "<group>"; };
		8A5079AE245918D90030703E /* Base */ = {isa = PBXFileReference; lastKnownFileType = file.storyboard; name = Base; path = Base.lproj/LaunchScreen.storyboard; sourceTree = "<group>"; };
		8A5079B0245918D90030703E /* Info.plist */ = {isa = PBXFileReference; lastKnownFileType = text.plist.xml; path = Info.plist; sourceTree = "<group>"; };
		8A5079B5245918D90030703E /* MixNotesTests.xctest */ = {isa = PBXFileReference; explicitFileType = wrapper.cfbundle; includeInIndex = 0; path = MixNotesTests.xctest; sourceTree = BUILT_PRODUCTS_DIR; };
		8A5079B9245918D90030703E /* MixNotesTests.swift */ = {isa = PBXFileReference; lastKnownFileType = sourcecode.swift; path = MixNotesTests.swift; sourceTree = "<group>"; };
		8A5079BB245918D90030703E /* Info.plist */ = {isa = PBXFileReference; lastKnownFileType = text.plist.xml; path = Info.plist; sourceTree = "<group>"; };
		8A5079C0245918D90030703E /* MixNotesUITests.xctest */ = {isa = PBXFileReference; explicitFileType = wrapper.cfbundle; includeInIndex = 0; path = MixNotesUITests.xctest; sourceTree = BUILT_PRODUCTS_DIR; };
		8A5079C4245918D90030703E /* MixNotesUITests.swift */ = {isa = PBXFileReference; lastKnownFileType = sourcecode.swift; path = MixNotesUITests.swift; sourceTree = "<group>"; };
		8A5079C6245918D90030703E /* Info.plist */ = {isa = PBXFileReference; lastKnownFileType = text.plist.xml; path = Info.plist; sourceTree = "<group>"; };
		8A5079D62459195A0030703E /* ProjectsView.swift */ = {isa = PBXFileReference; lastKnownFileType = sourcecode.swift; path = ProjectsView.swift; sourceTree = "<group>"; };
		8A5079D92459196E0030703E /* Project.swift */ = {isa = PBXFileReference; lastKnownFileType = sourcecode.swift; path = Project.swift; sourceTree = "<group>"; };
		8A5079DE245919EA0030703E /* Track.swift */ = {isa = PBXFileReference; lastKnownFileType = sourcecode.swift; path = Track.swift; sourceTree = "<group>"; };
		8A5079E024591A760030703E /* Note.swift */ = {isa = PBXFileReference; lastKnownFileType = sourcecode.swift; path = Note.swift; sourceTree = "<group>"; };
		8A5079E424591D8F0030703E /* ProjectsViewModel.swift */ = {isa = PBXFileReference; lastKnownFileType = sourcecode.swift; path = ProjectsViewModel.swift; sourceTree = "<group>"; };
		8A5079E6245921190030703E /* ProjectView.swift */ = {isa = PBXFileReference; lastKnownFileType = sourcecode.swift; path = ProjectView.swift; sourceTree = "<group>"; };
		8A5079E8245921360030703E /* ProjectViewModel.swift */ = {isa = PBXFileReference; lastKnownFileType = sourcecode.swift; path = ProjectViewModel.swift; sourceTree = "<group>"; };
		8A5079EA245922E80030703E /* TrackView.swift */ = {isa = PBXFileReference; lastKnownFileType = sourcecode.swift; path = TrackView.swift; sourceTree = "<group>"; };
		8A5079EE2459253C0030703E /* TrackViewModel.swift */ = {isa = PBXFileReference; lastKnownFileType = sourcecode.swift; path = TrackViewModel.swift; sourceTree = "<group>"; };
		8A7428B32463830300122D3A /* NoteRepository.swift */ = {isa = PBXFileReference; lastKnownFileType = sourcecode.swift; path = NoteRepository.swift; sourceTree = "<group>"; };
		8A7B0BF3248F26B90067283C /* PreviewUtils.swift */ = {isa = PBXFileReference; lastKnownFileType = sourcecode.swift; path = PreviewUtils.swift; sourceTree = "<group>"; };
		8A87C24B245B6126009DECF3 /* FileService.swift */ = {isa = PBXFileReference; lastKnownFileType = sourcecode.swift; path = FileService.swift; sourceTree = "<group>"; };
		8A87C24D245B6147009DECF3 /* NoteService.swift */ = {isa = PBXFileReference; lastKnownFileType = sourcecode.swift; path = NoteService.swift; sourceTree = "<group>"; };
		8AAA0E18246A2261002D7AA1 /* ProjectServiceTests.swift */ = {isa = PBXFileReference; lastKnownFileType = sourcecode.swift; path = ProjectServiceTests.swift; sourceTree = "<group>"; };
		8AAA0E1A246A2298002D7AA1 /* NoteServiceTests.swift */ = {isa = PBXFileReference; lastKnownFileType = sourcecode.swift; path = NoteServiceTests.swift; sourceTree = "<group>"; };
		8AAA0E1C246A22ED002D7AA1 /* GlobalMessageServiceTests.swift */ = {isa = PBXFileReference; lastKnownFileType = sourcecode.swift; path = GlobalMessageServiceTests.swift; sourceTree = "<group>"; };
		8AAA0E1E246A230B002D7AA1 /* GlobalPlayerServiceTests.swift */ = {isa = PBXFileReference; lastKnownFileType = sourcecode.swift; path = GlobalPlayerServiceTests.swift; sourceTree = "<group>"; };
		8AAA0E21246A28DA002D7AA1 /* MockFileService.swift */ = {isa = PBXFileReference; lastKnownFileType = sourcecode.swift; path = MockFileService.swift; sourceTree = "<group>"; };
		8AAA0E24246B8332002D7AA1 /* XCTestCaseExtensions.swift */ = {isa = PBXFileReference; lastKnownFileType = sourcecode.swift; path = XCTestCaseExtensions.swift; sourceTree = "<group>"; };
		8AAEBAB9245C9FD50028EA54 /* GlobalMessageService.swift */ = {isa = PBXFileReference; lastKnownFileType = sourcecode.swift; path = GlobalMessageService.swift; sourceTree = "<group>"; };
		8AAEBABD245CA3800028EA54 /* GlobalMessageView.swift */ = {isa = PBXFileReference; lastKnownFileType = sourcecode.swift; path = GlobalMessageView.swift; sourceTree = "<group>"; };
		8AB32AC9246E08A200D8559C /* MockNoteRepository.swift */ = {isa = PBXFileReference; lastKnownFileType = sourcecode.swift; path = MockNoteRepository.swift; sourceTree = "<group>"; };
		8ABEB5DA2475EB8900B01B5D /* ProjectsViewModelTests.swift */ = {isa = PBXFileReference; lastKnownFileType = sourcecode.swift; path = ProjectsViewModelTests.swift; sourceTree = "<group>"; };
		8ABEB5DC2475ECE500B01B5D /* ProjectViewModelTests.swift */ = {isa = PBXFileReference; lastKnownFileType = sourcecode.swift; path = ProjectViewModelTests.swift; sourceTree = "<group>"; };
		8ABEB5DE2475ECFC00B01B5D /* TrackViewModelTests.swift */ = {isa = PBXFileReference; lastKnownFileType = sourcecode.swift; path = TrackViewModelTests.swift; sourceTree = "<group>"; };
		8AD532632474A1AA00A0330C /* MockPlayerService.swift */ = {isa = PBXFileReference; lastKnownFileType = sourcecode.swift; path = MockPlayerService.swift; sourceTree = "<group>"; };
		FBDA0FA2248EE10F00DAFF9A /* URLExtensionTests.swift */ = {isa = PBXFileReference; lastKnownFileType = sourcecode.swift; path = URLExtensionTests.swift; sourceTree = "<group>"; };
/* End PBXFileReference section */

/* Begin PBXFrameworksBuildPhase section */
		8A50799C245918D60030703E /* Frameworks */ = {
			isa = PBXFrameworksBuildPhase;
			buildActionMask = 2147483647;
			files = (
				8A0F4732245A5D4300EF54AA /* CloudKit.framework in Frameworks */,
			);
			runOnlyForDeploymentPostprocessing = 0;
		};
		8A5079B2245918D90030703E /* Frameworks */ = {
			isa = PBXFrameworksBuildPhase;
			buildActionMask = 2147483647;
			files = (
			);
			runOnlyForDeploymentPostprocessing = 0;
		};
		8A5079BD245918D90030703E /* Frameworks */ = {
			isa = PBXFrameworksBuildPhase;
			buildActionMask = 2147483647;
			files = (
			);
			runOnlyForDeploymentPostprocessing = 0;
		};
/* End PBXFrameworksBuildPhase section */

/* Begin PBXGroup section */
		8A0F4730245A5D4300EF54AA /* Frameworks */ = {
			isa = PBXGroup;
			children = (
				8A0F4731245A5D4300EF54AA /* CloudKit.framework */,
			);
			name = Frameworks;
			sourceTree = "<group>";
		};
		8A1BC4A12460EF56001297F6 /* Constants */ = {
			isa = PBXGroup;
			children = (
				8A1BC4A22460EF76001297F6 /* UIConstants.swift */,
				8A1BC4A42460EF96001297F6 /* Localization.swift */,
				8A1BC4A62460EFAD001297F6 /* SFIcon.swift */,
			);
			path = Constants;
			sourceTree = "<group>";
		};
		8A1BC4A82460F6EE001297F6 /* Extensions */ = {
			isa = PBXGroup;
			children = (
				8A1BC4A92460F6FE001297F6 /* URLExtension.swift */,
			);
			path = Extensions;
			sourceTree = "<group>";
		};
		8A1BC4AB2460F8C8001297F6 /* Scenes */ = {
			isa = PBXGroup;
			children = (
				8A5079EA245922E80030703E /* TrackView.swift */,
				8A5079D62459195A0030703E /* ProjectsView.swift */,
				8A5079E6245921190030703E /* ProjectView.swift */,
			);
			path = Scenes;
			sourceTree = "<group>";
		};
		8A507996245918D60030703E = {
			isa = PBXGroup;
			children = (
				8A5079A1245918D60030703E /* MixNotes */,
				8A5079B8245918D90030703E /* MixNotesTests */,
				8A5079C3245918D90030703E /* MixNotesUITests */,
				8A5079A0245918D60030703E /* Products */,
				8A0F4730245A5D4300EF54AA /* Frameworks */,
			);
			sourceTree = "<group>";
		};
		8A5079A0245918D60030703E /* Products */ = {
			isa = PBXGroup;
			children = (
				8A50799F245918D60030703E /* MixNotes.app */,
				8A5079B5245918D90030703E /* MixNotesTests.xctest */,
				8A5079C0245918D90030703E /* MixNotesUITests.xctest */,
			);
			name = Products;
			sourceTree = "<group>";
		};
		8A5079A1245918D60030703E /* MixNotes */ = {
			isa = PBXGroup;
			children = (
				8AAA0E20246A233F002D7AA1 /* Mocks */,
				8A7B0BF2248F26990067283C /* Utils */,
				8A7428B2246382D900122D3A /* Repositories */,
				8A1BC4A82460F6EE001297F6 /* Extensions */,
				8A1BC4A12460EF56001297F6 /* Constants */,
				8A5079DB2459197E0030703E /* ViewModels */,
				8A5079D8245919620030703E /* Models */,
				8A5079D5245919450030703E /* UI */,
				8A5079D3245919330030703E /* Services */,
				8A5079D2245918FC0030703E /* Application */,
				8A5079A8245918D90030703E /* Assets.xcassets */,
				8A5079B0245918D90030703E /* Info.plist */,
				8A5079AD245918D90030703E /* LaunchScreen.storyboard */,
				8A5079AA245918D90030703E /* Preview Content */,
			);
			path = MixNotes;
			sourceTree = "<group>";
		};
		8A5079AA245918D90030703E /* Preview Content */ = {
			isa = PBXGroup;
			children = (
				8A5079AB245918D90030703E /* Preview Assets.xcassets */,
			);
			path = "Preview Content";
			sourceTree = "<group>";
		};
		8A5079B8245918D90030703E /* MixNotesTests */ = {
			isa = PBXGroup;
			children = (
				FBDA0FA1248EE0C800DAFF9A /* Extensions */,
				8ABEB5D92475EB6700B01B5D /* ViewModels */,
				8AAA0E23246B8320002D7AA1 /* Utils */,
				8AAA0E17246A2245002D7AA1 /* Services */,
				8A5079B9245918D90030703E /* MixNotesTests.swift */,
				8A5079BB245918D90030703E /* Info.plist */,
			);
			path = MixNotesTests;
			sourceTree = "<group>";
		};
		8A5079C3245918D90030703E /* MixNotesUITests */ = {
			isa = PBXGroup;
			children = (
				8A5079C4245918D90030703E /* MixNotesUITests.swift */,
				8A5079C6245918D90030703E /* Info.plist */,
			);
			path = MixNotesUITests;
			sourceTree = "<group>";
		};
		8A5079D2245918FC0030703E /* Application */ = {
			isa = PBXGroup;
			children = (
				8A5079A4245918D60030703E /* SceneDelegate.swift */,
				8A5079A6245918D60030703E /* ContentView.swift */,
				8A5079A2245918D60030703E /* AppDelegate.swift */,
			);
			path = Application;
			sourceTree = "<group>";
		};
		8A5079D3245919330030703E /* Services */ = {
			isa = PBXGroup;
			children = (
				8A30BBF2245A404B0020872F /* ProjectService.swift */,
				8A87C24B245B6126009DECF3 /* FileService.swift */,
				8A87C24D245B6147009DECF3 /* NoteService.swift */,
				8AAEBAB9245C9FD50028EA54 /* GlobalMessageService.swift */,
				8A4A3198245DE2320058DE9F /* GlobalPlayerService.swift */,
				8A4A319A245DE23F0058DE9F /* PlayerService.swift */,
			);
			path = Services;
			sourceTree = "<group>";
		};
		8A5079D5245919450030703E /* UI */ = {
			isa = PBXGroup;
			children = (
				8A1BC4AB2460F8C8001297F6 /* Scenes */,
				FBDA0FA4248F248A00DAFF9A /* Views */,
			);
			path = UI;
			sourceTree = "<group>";
		};
		8A5079D8245919620030703E /* Models */ = {
			isa = PBXGroup;
			children = (
				8A5079D92459196E0030703E /* Project.swift */,
				8A5079DE245919EA0030703E /* Track.swift */,
				8A5079E024591A760030703E /* Note.swift */,
			);
			path = Models;
			sourceTree = "<group>";
		};
		8A5079DB2459197E0030703E /* ViewModels */ = {
			isa = PBXGroup;
			children = (
				8A5079E424591D8F0030703E /* ProjectsViewModel.swift */,
				8A5079E8245921360030703E /* ProjectViewModel.swift */,
				8A5079EE2459253C0030703E /* TrackViewModel.swift */,
			);
			path = ViewModels;
			sourceTree = "<group>";
		};
		8A7428B2246382D900122D3A /* Repositories */ = {
			isa = PBXGroup;
			children = (
				8A7428B32463830300122D3A /* NoteRepository.swift */,
			);
			path = Repositories;
			sourceTree = "<group>";
		};
		8A7B0BF2248F26990067283C /* Utils */ = {
			isa = PBXGroup;
			children = (
				8A7B0BF3248F26B90067283C /* PreviewUtils.swift */,
			);
			path = Utils;
			sourceTree = "<group>";
		};
		8AAA0E17246A2245002D7AA1 /* Services */ = {
			isa = PBXGroup;
			children = (
				8AAA0E18246A2261002D7AA1 /* ProjectServiceTests.swift */,
				8AAA0E1A246A2298002D7AA1 /* NoteServiceTests.swift */,
				8AAA0E1C246A22ED002D7AA1 /* GlobalMessageServiceTests.swift */,
				8AAA0E1E246A230B002D7AA1 /* GlobalPlayerServiceTests.swift */,
			);
			path = Services;
			sourceTree = "<group>";
		};
		8AAA0E20246A233F002D7AA1 /* Mocks */ = {
			isa = PBXGroup;
			children = (
				8AAA0E21246A28DA002D7AA1 /* MockFileService.swift */,
				8AB32AC9246E08A200D8559C /* MockNoteRepository.swift */,
				8AD532632474A1AA00A0330C /* MockPlayerService.swift */,
			);
			path = Mocks;
			sourceTree = "<group>";
		};
		8AAA0E23246B8320002D7AA1 /* Utils */ = {
			isa = PBXGroup;
			children = (
				8AAA0E24246B8332002D7AA1 /* XCTestCaseExtensions.swift */,
			);
			path = Utils;
			sourceTree = "<group>";
		};
		8ABEB5D92475EB6700B01B5D /* ViewModels */ = {
			isa = PBXGroup;
			children = (
				8ABEB5DA2475EB8900B01B5D /* ProjectsViewModelTests.swift */,
				8ABEB5DC2475ECE500B01B5D /* ProjectViewModelTests.swift */,
				8ABEB5DE2475ECFC00B01B5D /* TrackViewModelTests.swift */,
			);
			path = ViewModels;
			sourceTree = "<group>";
		};
		FBDA0FA1248EE0C800DAFF9A /* Extensions */ = {
			isa = PBXGroup;
			children = (
				FBDA0FA2248EE10F00DAFF9A /* URLExtensionTests.swift */,
			);
			path = Extensions;
			sourceTree = "<group>";
		};
		FBDA0FA4248F248A00DAFF9A /* Views */ = {
			isa = PBXGroup;
			children = (
				8A1BC49F2460EDCC001297F6 /* GlobalPlayerView.swift */,
				8AAEBABD245CA3800028EA54 /* GlobalMessageView.swift */,
			);
			path = Views;
			sourceTree = "<group>";
		};
/* End PBXGroup section */

/* Begin PBXNativeTarget section */
		8A50799E245918D60030703E /* MixNotes */ = {
			isa = PBXNativeTarget;
			buildConfigurationList = 8A5079C9245918D90030703E /* Build configuration list for PBXNativeTarget "MixNotes" */;
			buildPhases = (
				8A50799B245918D60030703E /* Sources */,
				8A50799C245918D60030703E /* Frameworks */,
				8A50799D245918D60030703E /* Resources */,
			);
			buildRules = (
			);
			dependencies = (
			);
			name = MixNotes;
			productName = MixNotes;
			productReference = 8A50799F245918D60030703E /* MixNotes.app */;
			productType = "com.apple.product-type.application";
		};
		8A5079B4245918D90030703E /* MixNotesTests */ = {
			isa = PBXNativeTarget;
			buildConfigurationList = 8A5079CC245918D90030703E /* Build configuration list for PBXNativeTarget "MixNotesTests" */;
			buildPhases = (
				8A5079B1245918D90030703E /* Sources */,
				8A5079B2245918D90030703E /* Frameworks */,
				8A5079B3245918D90030703E /* Resources */,
			);
			buildRules = (
			);
			dependencies = (
				8A5079B7245918D90030703E /* PBXTargetDependency */,
			);
			name = MixNotesTests;
			productName = MixNotesTests;
			productReference = 8A5079B5245918D90030703E /* MixNotesTests.xctest */;
			productType = "com.apple.product-type.bundle.unit-test";
		};
		8A5079BF245918D90030703E /* MixNotesUITests */ = {
			isa = PBXNativeTarget;
			buildConfigurationList = 8A5079CF245918D90030703E /* Build configuration list for PBXNativeTarget "MixNotesUITests" */;
			buildPhases = (
				8A5079BC245918D90030703E /* Sources */,
				8A5079BD245918D90030703E /* Frameworks */,
				8A5079BE245918D90030703E /* Resources */,
			);
			buildRules = (
			);
			dependencies = (
				8A5079C2245918D90030703E /* PBXTargetDependency */,
			);
			name = MixNotesUITests;
			productName = MixNotesUITests;
			productReference = 8A5079C0245918D90030703E /* MixNotesUITests.xctest */;
			productType = "com.apple.product-type.bundle.ui-testing";
		};
/* End PBXNativeTarget section */

/* Begin PBXProject section */
		8A507997245918D60030703E /* Project object */ = {
			isa = PBXProject;
			attributes = {
				LastSwiftUpdateCheck = 1120;
				LastUpgradeCheck = 1120;
				ORGANIZATIONNAME = "Deven Juta";
				TargetAttributes = {
					8A50799E245918D60030703E = {
						CreatedOnToolsVersion = 11.2.1;
					};
					8A5079B4245918D90030703E = {
						CreatedOnToolsVersion = 11.2.1;
						TestTargetID = 8A50799E245918D60030703E;
					};
					8A5079BF245918D90030703E = {
						CreatedOnToolsVersion = 11.2.1;
						TestTargetID = 8A50799E245918D60030703E;
					};
				};
			};
			buildConfigurationList = 8A50799A245918D60030703E /* Build configuration list for PBXProject "MixNotes" */;
			compatibilityVersion = "Xcode 9.3";
			developmentRegion = en;
			hasScannedForEncodings = 0;
			knownRegions = (
				en,
				Base,
			);
			mainGroup = 8A507996245918D60030703E;
			productRefGroup = 8A5079A0245918D60030703E /* Products */;
			projectDirPath = "";
			projectRoot = "";
			targets = (
				8A50799E245918D60030703E /* MixNotes */,
				8A5079B4245918D90030703E /* MixNotesTests */,
				8A5079BF245918D90030703E /* MixNotesUITests */,
			);
		};
/* End PBXProject section */

/* Begin PBXResourcesBuildPhase section */
		8A50799D245918D60030703E /* Resources */ = {
			isa = PBXResourcesBuildPhase;
			buildActionMask = 2147483647;
			files = (
				8A5079AF245918D90030703E /* LaunchScreen.storyboard in Resources */,
				8A5079AC245918D90030703E /* Preview Assets.xcassets in Resources */,
				8A5079A9245918D90030703E /* Assets.xcassets in Resources */,
			);
			runOnlyForDeploymentPostprocessing = 0;
		};
		8A5079B3245918D90030703E /* Resources */ = {
			isa = PBXResourcesBuildPhase;
			buildActionMask = 2147483647;
			files = (
			);
			runOnlyForDeploymentPostprocessing = 0;
		};
		8A5079BE245918D90030703E /* Resources */ = {
			isa = PBXResourcesBuildPhase;
			buildActionMask = 2147483647;
			files = (
			);
			runOnlyForDeploymentPostprocessing = 0;
		};
/* End PBXResourcesBuildPhase section */

/* Begin PBXSourcesBuildPhase section */
		8A50799B245918D60030703E /* Sources */ = {
			isa = PBXSourcesBuildPhase;
			buildActionMask = 2147483647;
			files = (
				8A5079EF2459253C0030703E /* TrackViewModel.swift in Sources */,
				8A1BC4AA2460F6FE001297F6 /* URLExtension.swift in Sources */,
				8A87C24C245B6126009DECF3 /* FileService.swift in Sources */,
				8AAEBABE245CA3800028EA54 /* GlobalMessageView.swift in Sources */,
				8A7B0BF4248F26B90067283C /* PreviewUtils.swift in Sources */,
				8A5079A3245918D60030703E /* AppDelegate.swift in Sources */,
				8A1BC4A72460EFAD001297F6 /* SFIcon.swift in Sources */,
				8A7B0BF6248F2D310067283C /* MockNoteRepository.swift in Sources */,
				8A5079EB245922E80030703E /* TrackView.swift in Sources */,
				8A5079E524591D8F0030703E /* ProjectsViewModel.swift in Sources */,
				8A7B0BF7248F2D340067283C /* MockPlayerService.swift in Sources */,
				8A1BC4A02460EDCC001297F6 /* GlobalPlayerView.swift in Sources */,
				8A5079A5245918D60030703E /* SceneDelegate.swift in Sources */,
				8A5079E124591A760030703E /* Note.swift in Sources */,
				8A4A319B245DE23F0058DE9F /* PlayerService.swift in Sources */,
				8A5079E9245921360030703E /* ProjectViewModel.swift in Sources */,
				8A4A3199245DE2320058DE9F /* GlobalPlayerService.swift in Sources */,
				8A1BC4A52460EF96001297F6 /* Localization.swift in Sources */,
				8A87C24E245B6147009DECF3 /* NoteService.swift in Sources */,
				8A7B0BF5248F2D2E0067283C /* MockFileService.swift in Sources */,
				8A5079D72459195A0030703E /* ProjectsView.swift in Sources */,
				8A5079DA2459196E0030703E /* Project.swift in Sources */,
				8A5079E7245921190030703E /* ProjectView.swift in Sources */,
				8A5079A7245918D60030703E /* ContentView.swift in Sources */,
				8A7428B42463830300122D3A /* NoteRepository.swift in Sources */,
				8A1BC4A32460EF76001297F6 /* UIConstants.swift in Sources */,
				8A30BBF3245A404B0020872F /* ProjectService.swift in Sources */,
				8A5079DF245919EA0030703E /* Track.swift in Sources */,
				8AAEBABA245C9FD50028EA54 /* GlobalMessageService.swift in Sources */,
			);
			runOnlyForDeploymentPostprocessing = 0;
		};
		8A5079B1245918D90030703E /* Sources */ = {
			isa = PBXSourcesBuildPhase;
			buildActionMask = 2147483647;
			files = (
				8ABEB5DB2475EB8900B01B5D /* ProjectsViewModelTests.swift in Sources */,
				8ABEB5DD2475ECE500B01B5D /* ProjectViewModelTests.swift in Sources */,
				8AAA0E1D246A22ED002D7AA1 /* GlobalMessageServiceTests.swift in Sources */,
				8ABEB5DF2475ECFC00B01B5D /* TrackViewModelTests.swift in Sources */,
				8A5079BA245918D90030703E /* MixNotesTests.swift in Sources */,
				8AAA0E1F246A230B002D7AA1 /* GlobalPlayerServiceTests.swift in Sources */,
				FBDA0FA3248EE10F00DAFF9A /* URLExtensionTests.swift in Sources */,
				8AAA0E19246A2261002D7AA1 /* ProjectServiceTests.swift in Sources */,
				8AAA0E1B246A2298002D7AA1 /* NoteServiceTests.swift in Sources */,
				8AAA0E25246B8332002D7AA1 /* XCTestCaseExtensions.swift in Sources */,
			);
			runOnlyForDeploymentPostprocessing = 0;
		};
		8A5079BC245918D90030703E /* Sources */ = {
			isa = PBXSourcesBuildPhase;
			buildActionMask = 2147483647;
			files = (
				8A5079C5245918D90030703E /* MixNotesUITests.swift in Sources */,
			);
			runOnlyForDeploymentPostprocessing = 0;
		};
/* End PBXSourcesBuildPhase section */

/* Begin PBXTargetDependency section */
		8A5079B7245918D90030703E /* PBXTargetDependency */ = {
			isa = PBXTargetDependency;
			target = 8A50799E245918D60030703E /* MixNotes */;
			targetProxy = 8A5079B6245918D90030703E /* PBXContainerItemProxy */;
		};
		8A5079C2245918D90030703E /* PBXTargetDependency */ = {
			isa = PBXTargetDependency;
			target = 8A50799E245918D60030703E /* MixNotes */;
			targetProxy = 8A5079C1245918D90030703E /* PBXContainerItemProxy */;
		};
/* End PBXTargetDependency section */

/* Begin PBXVariantGroup section */
		8A5079AD245918D90030703E /* LaunchScreen.storyboard */ = {
			isa = PBXVariantGroup;
			children = (
				8A5079AE245918D90030703E /* Base */,
			);
			name = LaunchScreen.storyboard;
			sourceTree = "<group>";
		};
/* End PBXVariantGroup section */

/* Begin XCBuildConfiguration section */
		8A5079C7245918D90030703E /* Debug */ = {
			isa = XCBuildConfiguration;
			buildSettings = {
				ALWAYS_SEARCH_USER_PATHS = NO;
				CLANG_ANALYZER_NONNULL = YES;
				CLANG_ANALYZER_NUMBER_OBJECT_CONVERSION = YES_AGGRESSIVE;
				CLANG_CXX_LANGUAGE_STANDARD = "gnu++14";
				CLANG_CXX_LIBRARY = "libc++";
				CLANG_ENABLE_MODULES = YES;
				CLANG_ENABLE_OBJC_ARC = YES;
				CLANG_ENABLE_OBJC_WEAK = YES;
				CLANG_WARN_BLOCK_CAPTURE_AUTORELEASING = YES;
				CLANG_WARN_BOOL_CONVERSION = YES;
				CLANG_WARN_COMMA = YES;
				CLANG_WARN_CONSTANT_CONVERSION = YES;
				CLANG_WARN_DEPRECATED_OBJC_IMPLEMENTATIONS = YES;
				CLANG_WARN_DIRECT_OBJC_ISA_USAGE = YES_ERROR;
				CLANG_WARN_DOCUMENTATION_COMMENTS = YES;
				CLANG_WARN_EMPTY_BODY = YES;
				CLANG_WARN_ENUM_CONVERSION = YES;
				CLANG_WARN_INFINITE_RECURSION = YES;
				CLANG_WARN_INT_CONVERSION = YES;
				CLANG_WARN_NON_LITERAL_NULL_CONVERSION = YES;
				CLANG_WARN_OBJC_IMPLICIT_RETAIN_SELF = YES;
				CLANG_WARN_OBJC_LITERAL_CONVERSION = YES;
				CLANG_WARN_OBJC_ROOT_CLASS = YES_ERROR;
				CLANG_WARN_RANGE_LOOP_ANALYSIS = YES;
				CLANG_WARN_STRICT_PROTOTYPES = YES;
				CLANG_WARN_SUSPICIOUS_MOVE = YES;
				CLANG_WARN_UNGUARDED_AVAILABILITY = YES_AGGRESSIVE;
				CLANG_WARN_UNREACHABLE_CODE = YES;
				CLANG_WARN__DUPLICATE_METHOD_MATCH = YES;
				COPY_PHASE_STRIP = NO;
				DEBUG_INFORMATION_FORMAT = dwarf;
				ENABLE_STRICT_OBJC_MSGSEND = YES;
				ENABLE_TESTABILITY = YES;
				GCC_C_LANGUAGE_STANDARD = gnu11;
				GCC_DYNAMIC_NO_PIC = NO;
				GCC_NO_COMMON_BLOCKS = YES;
				GCC_OPTIMIZATION_LEVEL = 0;
				GCC_PREPROCESSOR_DEFINITIONS = (
					"DEBUG=1",
					"$(inherited)",
				);
				GCC_WARN_64_TO_32_BIT_CONVERSION = YES;
				GCC_WARN_ABOUT_RETURN_TYPE = YES_ERROR;
				GCC_WARN_UNDECLARED_SELECTOR = YES;
				GCC_WARN_UNINITIALIZED_AUTOS = YES_AGGRESSIVE;
				GCC_WARN_UNUSED_FUNCTION = YES;
				GCC_WARN_UNUSED_VARIABLE = YES;
				IPHONEOS_DEPLOYMENT_TARGET = 13.2;
				MTL_ENABLE_DEBUG_INFO = INCLUDE_SOURCE;
				MTL_FAST_MATH = YES;
				ONLY_ACTIVE_ARCH = YES;
				SDKROOT = iphoneos;
				SWIFT_ACTIVE_COMPILATION_CONDITIONS = DEBUG;
				SWIFT_OPTIMIZATION_LEVEL = "-Onone";
			};
			name = Debug;
		};
		8A5079C8245918D90030703E /* Release */ = {
			isa = XCBuildConfiguration;
			buildSettings = {
				ALWAYS_SEARCH_USER_PATHS = NO;
				CLANG_ANALYZER_NONNULL = YES;
				CLANG_ANALYZER_NUMBER_OBJECT_CONVERSION = YES_AGGRESSIVE;
				CLANG_CXX_LANGUAGE_STANDARD = "gnu++14";
				CLANG_CXX_LIBRARY = "libc++";
				CLANG_ENABLE_MODULES = YES;
				CLANG_ENABLE_OBJC_ARC = YES;
				CLANG_ENABLE_OBJC_WEAK = YES;
				CLANG_WARN_BLOCK_CAPTURE_AUTORELEASING = YES;
				CLANG_WARN_BOOL_CONVERSION = YES;
				CLANG_WARN_COMMA = YES;
				CLANG_WARN_CONSTANT_CONVERSION = YES;
				CLANG_WARN_DEPRECATED_OBJC_IMPLEMENTATIONS = YES;
				CLANG_WARN_DIRECT_OBJC_ISA_USAGE = YES_ERROR;
				CLANG_WARN_DOCUMENTATION_COMMENTS = YES;
				CLANG_WARN_EMPTY_BODY = YES;
				CLANG_WARN_ENUM_CONVERSION = YES;
				CLANG_WARN_INFINITE_RECURSION = YES;
				CLANG_WARN_INT_CONVERSION = YES;
				CLANG_WARN_NON_LITERAL_NULL_CONVERSION = YES;
				CLANG_WARN_OBJC_IMPLICIT_RETAIN_SELF = YES;
				CLANG_WARN_OBJC_LITERAL_CONVERSION = YES;
				CLANG_WARN_OBJC_ROOT_CLASS = YES_ERROR;
				CLANG_WARN_RANGE_LOOP_ANALYSIS = YES;
				CLANG_WARN_STRICT_PROTOTYPES = YES;
				CLANG_WARN_SUSPICIOUS_MOVE = YES;
				CLANG_WARN_UNGUARDED_AVAILABILITY = YES_AGGRESSIVE;
				CLANG_WARN_UNREACHABLE_CODE = YES;
				CLANG_WARN__DUPLICATE_METHOD_MATCH = YES;
				COPY_PHASE_STRIP = NO;
				DEBUG_INFORMATION_FORMAT = "dwarf-with-dsym";
				ENABLE_NS_ASSERTIONS = NO;
				ENABLE_STRICT_OBJC_MSGSEND = YES;
				GCC_C_LANGUAGE_STANDARD = gnu11;
				GCC_NO_COMMON_BLOCKS = YES;
				GCC_WARN_64_TO_32_BIT_CONVERSION = YES;
				GCC_WARN_ABOUT_RETURN_TYPE = YES_ERROR;
				GCC_WARN_UNDECLARED_SELECTOR = YES;
				GCC_WARN_UNINITIALIZED_AUTOS = YES_AGGRESSIVE;
				GCC_WARN_UNUSED_FUNCTION = YES;
				GCC_WARN_UNUSED_VARIABLE = YES;
				IPHONEOS_DEPLOYMENT_TARGET = 13.2;
				MTL_ENABLE_DEBUG_INFO = NO;
				MTL_FAST_MATH = YES;
				SDKROOT = iphoneos;
				SWIFT_COMPILATION_MODE = wholemodule;
				SWIFT_OPTIMIZATION_LEVEL = "-O";
				VALIDATE_PRODUCT = YES;
			};
			name = Release;
		};
		8A5079CA245918D90030703E /* Debug */ = {
			isa = XCBuildConfiguration;
			buildSettings = {
				ASSETCATALOG_COMPILER_APPICON_NAME = AppIcon;
				CODE_SIGN_ENTITLEMENTS = MixNotes/MixNotesDebug.entitlements;
				CODE_SIGN_STYLE = Automatic;
				DEVELOPMENT_ASSET_PATHS = "\"MixNotes/Preview Content\"";
				DEVELOPMENT_TEAM = H2UDDS98DV;
				ENABLE_PREVIEWS = YES;
				INFOPLIST_FILE = MixNotes/Info.plist;
				LD_RUNPATH_SEARCH_PATHS = (
					"$(inherited)",
					"@executable_path/Frameworks",
				);
				PRODUCT_BUNDLE_IDENTIFIER = djuta.MixNotes;
				PRODUCT_NAME = "$(TARGET_NAME)";
				SWIFT_VERSION = 5.0;
				TARGETED_DEVICE_FAMILY = "1,2";
			};
			name = Debug;
		};
		8A5079CB245918D90030703E /* Release */ = {
			isa = XCBuildConfiguration;
			buildSettings = {
				ASSETCATALOG_COMPILER_APPICON_NAME = AppIcon;
				CODE_SIGN_ENTITLEMENTS = MixNotes/MixNotes.entitlements;
				CODE_SIGN_IDENTITY = "Apple Development";
				CODE_SIGN_STYLE = Automatic;
				DEVELOPMENT_ASSET_PATHS = "\"MixNotes/Preview Content\"";
				DEVELOPMENT_TEAM = H2UDDS98DV;
				ENABLE_PREVIEWS = YES;
				INFOPLIST_FILE = MixNotes/Info.plist;
				LD_RUNPATH_SEARCH_PATHS = (
					"$(inherited)",
					"@executable_path/Frameworks",
				);
				PRODUCT_BUNDLE_IDENTIFIER = djuta.MixNotes;
				PRODUCT_NAME = "$(TARGET_NAME)";
				PROVISIONING_PROFILE_SPECIFIER = "";
				SWIFT_VERSION = 5.0;
				TARGETED_DEVICE_FAMILY = "1,2";
			};
			name = Release;
		};
		8A5079CD245918D90030703E /* Debug */ = {
			isa = XCBuildConfiguration;
			buildSettings = {
				ALWAYS_EMBED_SWIFT_STANDARD_LIBRARIES = YES;
				BUNDLE_LOADER = "$(TEST_HOST)";
				CODE_SIGN_STYLE = Automatic;
				INFOPLIST_FILE = MixNotesTests/Info.plist;
				IPHONEOS_DEPLOYMENT_TARGET = 13.2;
				LD_RUNPATH_SEARCH_PATHS = (
					"$(inherited)",
					"@executable_path/Frameworks",
					"@loader_path/Frameworks",
				);
				PRODUCT_BUNDLE_IDENTIFIER = djuta.MixNotesTests;
				PRODUCT_NAME = "$(TARGET_NAME)";
				SWIFT_VERSION = 5.0;
				TARGETED_DEVICE_FAMILY = "1,2";
				TEST_HOST = "$(BUILT_PRODUCTS_DIR)/MixNotes.app/MixNotes";
			};
			name = Debug;
		};
		8A5079CE245918D90030703E /* Release */ = {
			isa = XCBuildConfiguration;
			buildSettings = {
				ALWAYS_EMBED_SWIFT_STANDARD_LIBRARIES = YES;
				BUNDLE_LOADER = "$(TEST_HOST)";
				CODE_SIGN_STYLE = Automatic;
				INFOPLIST_FILE = MixNotesTests/Info.plist;
				IPHONEOS_DEPLOYMENT_TARGET = 13.2;
				LD_RUNPATH_SEARCH_PATHS = (
					"$(inherited)",
					"@executable_path/Frameworks",
					"@loader_path/Frameworks",
				);
				PRODUCT_BUNDLE_IDENTIFIER = djuta.MixNotesTests;
				PRODUCT_NAME = "$(TARGET_NAME)";
				SWIFT_VERSION = 5.0;
				TARGETED_DEVICE_FAMILY = "1,2";
				TEST_HOST = "$(BUILT_PRODUCTS_DIR)/MixNotes.app/MixNotes";
			};
			name = Release;
		};
		8A5079D0245918D90030703E /* Debug */ = {
			isa = XCBuildConfiguration;
			buildSettings = {
				ALWAYS_EMBED_SWIFT_STANDARD_LIBRARIES = YES;
				CODE_SIGN_STYLE = Automatic;
				INFOPLIST_FILE = MixNotesUITests/Info.plist;
				LD_RUNPATH_SEARCH_PATHS = (
					"$(inherited)",
					"@executable_path/Frameworks",
					"@loader_path/Frameworks",
				);
				PRODUCT_BUNDLE_IDENTIFIER = djuta.MixNotesUITests;
				PRODUCT_NAME = "$(TARGET_NAME)";
				SWIFT_VERSION = 5.0;
				TARGETED_DEVICE_FAMILY = "1,2";
				TEST_TARGET_NAME = MixNotes;
			};
			name = Debug;
		};
		8A5079D1245918D90030703E /* Release */ = {
			isa = XCBuildConfiguration;
			buildSettings = {
				ALWAYS_EMBED_SWIFT_STANDARD_LIBRARIES = YES;
				CODE_SIGN_STYLE = Automatic;
				INFOPLIST_FILE = MixNotesUITests/Info.plist;
				LD_RUNPATH_SEARCH_PATHS = (
					"$(inherited)",
					"@executable_path/Frameworks",
					"@loader_path/Frameworks",
				);
				PRODUCT_BUNDLE_IDENTIFIER = djuta.MixNotesUITests;
				PRODUCT_NAME = "$(TARGET_NAME)";
				SWIFT_VERSION = 5.0;
				TARGETED_DEVICE_FAMILY = "1,2";
				TEST_TARGET_NAME = MixNotes;
			};
			name = Release;
		};
/* End XCBuildConfiguration section */

/* Begin XCConfigurationList section */
		8A50799A245918D60030703E /* Build configuration list for PBXProject "MixNotes" */ = {
			isa = XCConfigurationList;
			buildConfigurations = (
				8A5079C7245918D90030703E /* Debug */,
				8A5079C8245918D90030703E /* Release */,
			);
			defaultConfigurationIsVisible = 0;
			defaultConfigurationName = Release;
		};
		8A5079C9245918D90030703E /* Build configuration list for PBXNativeTarget "MixNotes" */ = {
			isa = XCConfigurationList;
			buildConfigurations = (
				8A5079CA245918D90030703E /* Debug */,
				8A5079CB245918D90030703E /* Release */,
			);
			defaultConfigurationIsVisible = 0;
			defaultConfigurationName = Release;
		};
		8A5079CC245918D90030703E /* Build configuration list for PBXNativeTarget "MixNotesTests" */ = {
			isa = XCConfigurationList;
			buildConfigurations = (
				8A5079CD245918D90030703E /* Debug */,
				8A5079CE245918D90030703E /* Release */,
			);
			defaultConfigurationIsVisible = 0;
			defaultConfigurationName = Release;
		};
		8A5079CF245918D90030703E /* Build configuration list for PBXNativeTarget "MixNotesUITests" */ = {
			isa = XCConfigurationList;
			buildConfigurations = (
				8A5079D0245918D90030703E /* Debug */,
				8A5079D1245918D90030703E /* Release */,
			);
			defaultConfigurationIsVisible = 0;
			defaultConfigurationName = Release;
		};
/* End XCConfigurationList section */
	};
	rootObject = 8A507997245918D60030703E /* Project object */;
}
